// !$*UTF8*$!
{
	archiveVersion = 1;
	classes = {
	};
	objectVersion = 56;
	objects = {

/* Begin PBXBuildFile section */
		0D4462042D1D97DE00CE5772 /* SwiftUIIntermediateBootcampApp.swift in Sources */ = {isa = PBXBuildFile; fileRef = 0D4462032D1D97DE00CE5772 /* SwiftUIIntermediateBootcampApp.swift */; };
		0D4462062D1D97DE00CE5772 /* ContentView.swift in Sources */ = {isa = PBXBuildFile; fileRef = 0D4462052D1D97DE00CE5772 /* ContentView.swift */; };
		0D4462082D1D97E000CE5772 /* Assets.xcassets in Resources */ = {isa = PBXBuildFile; fileRef = 0D4462072D1D97E000CE5772 /* Assets.xcassets */; };
		0D44620B2D1D97E000CE5772 /* Preview Assets.xcassets in Resources */ = {isa = PBXBuildFile; fileRef = 0D44620A2D1D97E000CE5772 /* Preview Assets.xcassets */; };
		0D4462122D1E663300CE5772 /* LongPressGestureBootcamp.swift in Sources */ = {isa = PBXBuildFile; fileRef = 0D4462112D1E663300CE5772 /* LongPressGestureBootcamp.swift */; };
		0D4462142D1E724C00CE5772 /* MagnifyingGestureBootcamp.swift in Sources */ = {isa = PBXBuildFile; fileRef = 0D4462132D1E724C00CE5772 /* MagnifyingGestureBootcamp.swift */; };
		0D4462162D1E7E8300CE5772 /* RotationGestureBootcamp.swift in Sources */ = {isa = PBXBuildFile; fileRef = 0D4462152D1E7E8300CE5772 /* RotationGestureBootcamp.swift */; };
		0D4462182D1E808800CE5772 /* DragGestureBootcamp.swift in Sources */ = {isa = PBXBuildFile; fileRef = 0D4462172D1E808800CE5772 /* DragGestureBootcamp.swift */; };
		0D44621A2D1FF48300CE5772 /* DragGestureBootcamp2.swift in Sources */ = {isa = PBXBuildFile; fileRef = 0D4462192D1FF48300CE5772 /* DragGestureBootcamp2.swift */; };
		0D44621C2D20225200CE5772 /* ScrollViewReaderBootcamp.swift in Sources */ = {isa = PBXBuildFile; fileRef = 0D44621B2D20225200CE5772 /* ScrollViewReaderBootcamp.swift */; };
		0D44621E2D202B5600CE5772 /* GeoMetryReaderBootcamp.swift in Sources */ = {isa = PBXBuildFile; fileRef = 0D44621D2D202B5600CE5772 /* GeoMetryReaderBootcamp.swift */; };
		0D4462222D2034A400CE5772 /* MultipleSheetsBootcamp.swift in Sources */ = {isa = PBXBuildFile; fileRef = 0D4462212D2034A400CE5772 /* MultipleSheetsBootcamp.swift */; };
		0D4462242D20478800CE5772 /* MaskBootcamp.swift in Sources */ = {isa = PBXBuildFile; fileRef = 0D4462232D20478800CE5772 /* MaskBootcamp.swift */; };
		0D4462262D204BB400CE5772 /* SoundsBootcamp.swift in Sources */ = {isa = PBXBuildFile; fileRef = 0D4462252D204BB400CE5772 /* SoundsBootcamp.swift */; };
		0D44622A2D204BE700CE5772 /* badum.mp3 in Resources */ = {isa = PBXBuildFile; fileRef = 0D4462272D204BE700CE5772 /* badum.mp3 */; };
		0D44622B2D204BE700CE5772 /* tada.mp3 in Resources */ = {isa = PBXBuildFile; fileRef = 0D4462282D204BE700CE5772 /* tada.mp3 */; };
		0D44622D2D204C7B00CE5772 /* HapticManagerBootcamp.swift in Sources */ = {isa = PBXBuildFile; fileRef = 0D44622C2D204C7B00CE5772 /* HapticManagerBootcamp.swift */; };
		0D6644CA2D215CF9004CF233 /* LocalNotificationBootcamp.swift in Sources */ = {isa = PBXBuildFile; fileRef = 0D6644C92D215CF9004CF233 /* LocalNotificationBootcamp.swift */; };
		0D6644CC2D2162B2004CF233 /* ArraysBootcamp.swift in Sources */ = {isa = PBXBuildFile; fileRef = 0D6644CB2D2162B2004CF233 /* ArraysBootcamp.swift */; };
		0D6644CE2D2166D7004CF233 /* BackgroundThreadViewModel.swift in Sources */ = {isa = PBXBuildFile; fileRef = 0D6644CD2D2166D7004CF233 /* BackgroundThreadViewModel.swift */; };
		0D6644D02D217457004CF233 /* WeakSelfBootcamp.swift in Sources */ = {isa = PBXBuildFile; fileRef = 0D6644CF2D217457004CF233 /* WeakSelfBootcamp.swift */; };
		0D6644D22D2175C1004CF233 /* TypealiasBootcamp.swift in Sources */ = {isa = PBXBuildFile; fileRef = 0D6644D12D2175C1004CF233 /* TypealiasBootcamp.swift */; };
		0D6644D42D217850004CF233 /* EscapingBootcamp.swift in Sources */ = {isa = PBXBuildFile; fileRef = 0D6644D32D217850004CF233 /* EscapingBootcamp.swift */; };
		0D6644D62D217FC1004CF233 /* DownloadWithCombine.swift in Sources */ = {isa = PBXBuildFile; fileRef = 0D6644D52D217FC1004CF233 /* DownloadWithCombine.swift */; };
/* End PBXBuildFile section */

/* Begin PBXFileReference section */
		0D4462002D1D97DE00CE5772 /* SwiftUIIntermediateBootcamp.app */ = {isa = PBXFileReference; explicitFileType = wrapper.application; includeInIndex = 0; path = SwiftUIIntermediateBootcamp.app; sourceTree = BUILT_PRODUCTS_DIR; };
		0D4462032D1D97DE00CE5772 /* SwiftUIIntermediateBootcampApp.swift */ = {isa = PBXFileReference; lastKnownFileType = sourcecode.swift; path = SwiftUIIntermediateBootcampApp.swift; sourceTree = "<group>"; };
		0D4462052D1D97DE00CE5772 /* ContentView.swift */ = {isa = PBXFileReference; lastKnownFileType = sourcecode.swift; path = ContentView.swift; sourceTree = "<group>"; };
		0D4462072D1D97E000CE5772 /* Assets.xcassets */ = {isa = PBXFileReference; lastKnownFileType = folder.assetcatalog; path = Assets.xcassets; sourceTree = "<group>"; };
		0D44620A2D1D97E000CE5772 /* Preview Assets.xcassets */ = {isa = PBXFileReference; lastKnownFileType = folder.assetcatalog; path = "Preview Assets.xcassets"; sourceTree = "<group>"; };
		0D4462112D1E663300CE5772 /* LongPressGestureBootcamp.swift */ = {isa = PBXFileReference; lastKnownFileType = sourcecode.swift; path = LongPressGestureBootcamp.swift; sourceTree = "<group>"; };
		0D4462132D1E724C00CE5772 /* MagnifyingGestureBootcamp.swift */ = {isa = PBXFileReference; lastKnownFileType = sourcecode.swift; path = MagnifyingGestureBootcamp.swift; sourceTree = "<group>"; };
		0D4462152D1E7E8300CE5772 /* RotationGestureBootcamp.swift */ = {isa = PBXFileReference; lastKnownFileType = sourcecode.swift; path = RotationGestureBootcamp.swift; sourceTree = "<group>"; };
		0D4462172D1E808800CE5772 /* DragGestureBootcamp.swift */ = {isa = PBXFileReference; lastKnownFileType = sourcecode.swift; path = DragGestureBootcamp.swift; sourceTree = "<group>"; };
		0D4462192D1FF48300CE5772 /* DragGestureBootcamp2.swift */ = {isa = PBXFileReference; lastKnownFileType = sourcecode.swift; path = DragGestureBootcamp2.swift; sourceTree = "<group>"; };
		0D44621B2D20225200CE5772 /* ScrollViewReaderBootcamp.swift */ = {isa = PBXFileReference; lastKnownFileType = sourcecode.swift; path = ScrollViewReaderBootcamp.swift; sourceTree = "<group>"; };
		0D44621D2D202B5600CE5772 /* GeoMetryReaderBootcamp.swift */ = {isa = PBXFileReference; lastKnownFileType = sourcecode.swift; path = GeoMetryReaderBootcamp.swift; sourceTree = "<group>"; };
		0D4462212D2034A400CE5772 /* MultipleSheetsBootcamp.swift */ = {isa = PBXFileReference; lastKnownFileType = sourcecode.swift; path = MultipleSheetsBootcamp.swift; sourceTree = "<group>"; };
		0D4462232D20478800CE5772 /* MaskBootcamp.swift */ = {isa = PBXFileReference; lastKnownFileType = sourcecode.swift; path = MaskBootcamp.swift; sourceTree = "<group>"; };
		0D4462252D204BB400CE5772 /* SoundsBootcamp.swift */ = {isa = PBXFileReference; lastKnownFileType = sourcecode.swift; path = SoundsBootcamp.swift; sourceTree = "<group>"; };
		0D4462272D204BE700CE5772 /* badum.mp3 */ = {isa = PBXFileReference; lastKnownFileType = audio.mp3; path = badum.mp3; sourceTree = "<group>"; };
		0D4462282D204BE700CE5772 /* tada.mp3 */ = {isa = PBXFileReference; lastKnownFileType = audio.mp3; path = tada.mp3; sourceTree = "<group>"; };
		0D44622C2D204C7B00CE5772 /* HapticManagerBootcamp.swift */ = {isa = PBXFileReference; lastKnownFileType = sourcecode.swift; path = HapticManagerBootcamp.swift; sourceTree = "<group>"; };
		0D6644C92D215CF9004CF233 /* LocalNotificationBootcamp.swift */ = {isa = PBXFileReference; lastKnownFileType = sourcecode.swift; path = LocalNotificationBootcamp.swift; sourceTree = "<group>"; };
		0D6644CB2D2162B2004CF233 /* ArraysBootcamp.swift */ = {isa = PBXFileReference; lastKnownFileType = sourcecode.swift; path = ArraysBootcamp.swift; sourceTree = "<group>"; };
		0D6644CD2D2166D7004CF233 /* BackgroundThreadViewModel.swift */ = {isa = PBXFileReference; lastKnownFileType = sourcecode.swift; path = BackgroundThreadViewModel.swift; sourceTree = "<group>"; };
		0D6644CF2D217457004CF233 /* WeakSelfBootcamp.swift */ = {isa = PBXFileReference; lastKnownFileType = sourcecode.swift; path = WeakSelfBootcamp.swift; sourceTree = "<group>"; };
		0D6644D12D2175C1004CF233 /* TypealiasBootcamp.swift */ = {isa = PBXFileReference; lastKnownFileType = sourcecode.swift; path = TypealiasBootcamp.swift; sourceTree = "<group>"; };
		0D6644D32D217850004CF233 /* EscapingBootcamp.swift */ = {isa = PBXFileReference; lastKnownFileType = sourcecode.swift; path = EscapingBootcamp.swift; sourceTree = "<group>"; };
		0D6644D52D217FC1004CF233 /* DownloadWithCombine.swift */ = {isa = PBXFileReference; lastKnownFileType = sourcecode.swift; path = DownloadWithCombine.swift; sourceTree = "<group>"; };
/* End PBXFileReference section */

/* Begin PBXFrameworksBuildPhase section */
		0D4461FD2D1D97DE00CE5772 /* Frameworks */ = {
			isa = PBXFrameworksBuildPhase;
			buildActionMask = 2147483647;
			files = (
			);
			runOnlyForDeploymentPostprocessing = 0;
		};
/* End PBXFrameworksBuildPhase section */

/* Begin PBXGroup section */
		0D4461F72D1D97DE00CE5772 = {
			isa = PBXGroup;
			children = (
				0D4462022D1D97DE00CE5772 /* SwiftUIIntermediateBootcamp */,
				0D4462012D1D97DE00CE5772 /* Products */,
			);
			sourceTree = "<group>";
		};
		0D4462012D1D97DE00CE5772 /* Products */ = {
			isa = PBXGroup;
			children = (
				0D4462002D1D97DE00CE5772 /* SwiftUIIntermediateBootcamp.app */,
			);
			name = Products;
			sourceTree = "<group>";
		};
		0D4462022D1D97DE00CE5772 /* SwiftUIIntermediateBootcamp */ = {
			isa = PBXGroup;
			children = (
				0D4462032D1D97DE00CE5772 /* SwiftUIIntermediateBootcampApp.swift */,
				0D4462052D1D97DE00CE5772 /* ContentView.swift */,
				0D4462112D1E663300CE5772 /* LongPressGestureBootcamp.swift */,
				0D4462132D1E724C00CE5772 /* MagnifyingGestureBootcamp.swift */,
				0D4462152D1E7E8300CE5772 /* RotationGestureBootcamp.swift */,
				0D4462172D1E808800CE5772 /* DragGestureBootcamp.swift */,
				0D4462192D1FF48300CE5772 /* DragGestureBootcamp2.swift */,
				0D44621B2D20225200CE5772 /* ScrollViewReaderBootcamp.swift */,
				0D44621D2D202B5600CE5772 /* GeoMetryReaderBootcamp.swift */,
				0D4462212D2034A400CE5772 /* MultipleSheetsBootcamp.swift */,
				0D4462232D20478800CE5772 /* MaskBootcamp.swift */,
				0D4462292D204BE700CE5772 /* Sounds */,
				0D4462252D204BB400CE5772 /* SoundsBootcamp.swift */,
				0D44622C2D204C7B00CE5772 /* HapticManagerBootcamp.swift */,
				0D6644C92D215CF9004CF233 /* LocalNotificationBootcamp.swift */,
				0D6644CB2D2162B2004CF233 /* ArraysBootcamp.swift */,
				0D6644CD2D2166D7004CF233 /* BackgroundThreadViewModel.swift */,
				0D6644CF2D217457004CF233 /* WeakSelfBootcamp.swift */,
				0D6644D12D2175C1004CF233 /* TypealiasBootcamp.swift */,
				0D6644D32D217850004CF233 /* EscapingBootcamp.swift */,
				0D6644D52D217FC1004CF233 /* DownloadWithCombine.swift */,
				0D4462072D1D97E000CE5772 /* Assets.xcassets */,
				0D4462092D1D97E000CE5772 /* Preview Content */,
			);
			path = SwiftUIIntermediateBootcamp;
			sourceTree = "<group>";
		};
		0D4462092D1D97E000CE5772 /* Preview Content */ = {
			isa = PBXGroup;
			children = (
				0D44620A2D1D97E000CE5772 /* Preview Assets.xcassets */,
			);
			path = "Preview Content";
			sourceTree = "<group>";
		};
		0D4462292D204BE700CE5772 /* Sounds */ = {
			isa = PBXGroup;
			children = (
				0D4462272D204BE700CE5772 /* badum.mp3 */,
				0D4462282D204BE700CE5772 /* tada.mp3 */,
			);
			path = Sounds;
			sourceTree = "<group>";
		};
/* End PBXGroup section */

/* Begin PBXNativeTarget section */
		0D4461FF2D1D97DE00CE5772 /* SwiftUIIntermediateBootcamp */ = {
			isa = PBXNativeTarget;
			buildConfigurationList = 0D44620E2D1D97E000CE5772 /* Build configuration list for PBXNativeTarget "SwiftUIIntermediateBootcamp" */;
			buildPhases = (
				0D4461FC2D1D97DE00CE5772 /* Sources */,
				0D4461FD2D1D97DE00CE5772 /* Frameworks */,
				0D4461FE2D1D97DE00CE5772 /* Resources */,
			);
			buildRules = (
			);
			dependencies = (
			);
			name = SwiftUIIntermediateBootcamp;
			productName = SwiftUIIntermediateBootcamp;
			productReference = 0D4462002D1D97DE00CE5772 /* SwiftUIIntermediateBootcamp.app */;
			productType = "com.apple.product-type.application";
		};
/* End PBXNativeTarget section */

/* Begin PBXProject section */
		0D4461F82D1D97DE00CE5772 /* Project object */ = {
			isa = PBXProject;
			attributes = {
				BuildIndependentTargetsInParallel = 1;
				LastSwiftUpdateCheck = 1530;
				LastUpgradeCheck = 1530;
				TargetAttributes = {
					0D4461FF2D1D97DE00CE5772 = {
						CreatedOnToolsVersion = 15.3;
					};
				};
			};
			buildConfigurationList = 0D4461FB2D1D97DE00CE5772 /* Build configuration list for PBXProject "SwiftUIIntermediateBootcamp" */;
			compatibilityVersion = "Xcode 14.0";
			developmentRegion = en;
			hasScannedForEncodings = 0;
			knownRegions = (
				en,
				Base,
			);
			mainGroup = 0D4461F72D1D97DE00CE5772;
			productRefGroup = 0D4462012D1D97DE00CE5772 /* Products */;
			projectDirPath = "";
			projectRoot = "";
			targets = (
				0D4461FF2D1D97DE00CE5772 /* SwiftUIIntermediateBootcamp */,
			);
		};
/* End PBXProject section */

/* Begin PBXResourcesBuildPhase section */
		0D4461FE2D1D97DE00CE5772 /* Resources */ = {
			isa = PBXResourcesBuildPhase;
			buildActionMask = 2147483647;
			files = (
				0D44622B2D204BE700CE5772 /* tada.mp3 in Resources */,
				0D44622A2D204BE700CE5772 /* badum.mp3 in Resources */,
				0D44620B2D1D97E000CE5772 /* Preview Assets.xcassets in Resources */,
				0D4462082D1D97E000CE5772 /* Assets.xcassets in Resources */,
			);
			runOnlyForDeploymentPostprocessing = 0;
		};
/* End PBXResourcesBuildPhase section */

/* Begin PBXSourcesBuildPhase section */
		0D4461FC2D1D97DE00CE5772 /* Sources */ = {
			isa = PBXSourcesBuildPhase;
			buildActionMask = 2147483647;
			files = (
				0D4462262D204BB400CE5772 /* SoundsBootcamp.swift in Sources */,
				0D6644D62D217FC1004CF233 /* DownloadWithCombine.swift in Sources */,
				0D44621A2D1FF48300CE5772 /* DragGestureBootcamp2.swift in Sources */,
				0D6644CC2D2162B2004CF233 /* ArraysBootcamp.swift in Sources */,
				0D4462242D20478800CE5772 /* MaskBootcamp.swift in Sources */,
				0D4462182D1E808800CE5772 /* DragGestureBootcamp.swift in Sources */,
				0D4462062D1D97DE00CE5772 /* ContentView.swift in Sources */,
				0D6644CA2D215CF9004CF233 /* LocalNotificationBootcamp.swift in Sources */,
				0D44621C2D20225200CE5772 /* ScrollViewReaderBootcamp.swift in Sources */,
				0D44622D2D204C7B00CE5772 /* HapticManagerBootcamp.swift in Sources */,
				0D6644D02D217457004CF233 /* WeakSelfBootcamp.swift in Sources */,
				0D4462222D2034A400CE5772 /* MultipleSheetsBootcamp.swift in Sources */,
				0D44621E2D202B5600CE5772 /* GeoMetryReaderBootcamp.swift in Sources */,
				0D4462042D1D97DE00CE5772 /* SwiftUIIntermediateBootcampApp.swift in Sources */,
				0D4462122D1E663300CE5772 /* LongPressGestureBootcamp.swift in Sources */,
				0D4462142D1E724C00CE5772 /* MagnifyingGestureBootcamp.swift in Sources */,
				0D6644D22D2175C1004CF233 /* TypealiasBootcamp.swift in Sources */,
				0D6644D42D217850004CF233 /* EscapingBootcamp.swift in Sources */,
				0D6644CE2D2166D7004CF233 /* BackgroundThreadViewModel.swift in Sources */,
				0D4462162D1E7E8300CE5772 /* RotationGestureBootcamp.swift in Sources */,
			);
			runOnlyForDeploymentPostprocessing = 0;
		};
/* End PBXSourcesBuildPhase section */

/* Begin XCBuildConfiguration section */
		0D44620C2D1D97E000CE5772 /* Debug */ = {
			isa = XCBuildConfiguration;
			buildSettings = {
				ALWAYS_SEARCH_USER_PATHS = NO;
				ASSETCATALOG_COMPILER_GENERATE_SWIFT_ASSET_SYMBOL_EXTENSIONS = YES;
				CLANG_ANALYZER_NONNULL = YES;
				CLANG_ANALYZER_NUMBER_OBJECT_CONVERSION = YES_AGGRESSIVE;
				CLANG_CXX_LANGUAGE_STANDARD = "gnu++20";
				CLANG_ENABLE_MODULES = YES;
				CLANG_ENABLE_OBJC_ARC = YES;
				CLANG_ENABLE_OBJC_WEAK = YES;
				CLANG_WARN_BLOCK_CAPTURE_AUTORELEASING = YES;
				CLANG_WARN_BOOL_CONVERSION = YES;
				CLANG_WARN_COMMA = YES;
				CLANG_WARN_CONSTANT_CONVERSION = YES;
				CLANG_WARN_DEPRECATED_OBJC_IMPLEMENTATIONS = YES;
				CLANG_WARN_DIRECT_OBJC_ISA_USAGE = YES_ERROR;
				CLANG_WARN_DOCUMENTATION_COMMENTS = YES;
				CLANG_WARN_EMPTY_BODY = YES;
				CLANG_WARN_ENUM_CONVERSION = YES;
				CLANG_WARN_INFINITE_RECURSION = YES;
				CLANG_WARN_INT_CONVERSION = YES;
				CLANG_WARN_NON_LITERAL_NULL_CONVERSION = YES;
				CLANG_WARN_OBJC_IMPLICIT_RETAIN_SELF = YES;
				CLANG_WARN_OBJC_LITERAL_CONVERSION = YES;
				CLANG_WARN_OBJC_ROOT_CLASS = YES_ERROR;
				CLANG_WARN_QUOTED_INCLUDE_IN_FRAMEWORK_HEADER = YES;
				CLANG_WARN_RANGE_LOOP_ANALYSIS = YES;
				CLANG_WARN_STRICT_PROTOTYPES = YES;
				CLANG_WARN_SUSPICIOUS_MOVE = YES;
				CLANG_WARN_UNGUARDED_AVAILABILITY = YES_AGGRESSIVE;
				CLANG_WARN_UNREACHABLE_CODE = YES;
				CLANG_WARN__DUPLICATE_METHOD_MATCH = YES;
				COPY_PHASE_STRIP = NO;
				DEBUG_INFORMATION_FORMAT = dwarf;
				ENABLE_STRICT_OBJC_MSGSEND = YES;
				ENABLE_TESTABILITY = YES;
				ENABLE_USER_SCRIPT_SANDBOXING = YES;
				GCC_C_LANGUAGE_STANDARD = gnu17;
				GCC_DYNAMIC_NO_PIC = NO;
				GCC_NO_COMMON_BLOCKS = YES;
				GCC_OPTIMIZATION_LEVEL = 0;
				GCC_PREPROCESSOR_DEFINITIONS = (
					"DEBUG=1",
					"$(inherited)",
				);
				GCC_WARN_64_TO_32_BIT_CONVERSION = YES;
				GCC_WARN_ABOUT_RETURN_TYPE = YES_ERROR;
				GCC_WARN_UNDECLARED_SELECTOR = YES;
				GCC_WARN_UNINITIALIZED_AUTOS = YES_AGGRESSIVE;
				GCC_WARN_UNUSED_FUNCTION = YES;
				GCC_WARN_UNUSED_VARIABLE = YES;
				IPHONEOS_DEPLOYMENT_TARGET = 17.4;
				LOCALIZATION_PREFERS_STRING_CATALOGS = YES;
				MTL_ENABLE_DEBUG_INFO = INCLUDE_SOURCE;
				MTL_FAST_MATH = YES;
				ONLY_ACTIVE_ARCH = YES;
				SDKROOT = iphoneos;
				SWIFT_ACTIVE_COMPILATION_CONDITIONS = "DEBUG $(inherited)";
				SWIFT_OPTIMIZATION_LEVEL = "-Onone";
			};
			name = Debug;
		};
		0D44620D2D1D97E000CE5772 /* Release */ = {
			isa = XCBuildConfiguration;
			buildSettings = {
				ALWAYS_SEARCH_USER_PATHS = NO;
				ASSETCATALOG_COMPILER_GENERATE_SWIFT_ASSET_SYMBOL_EXTENSIONS = YES;
				CLANG_ANALYZER_NONNULL = YES;
				CLANG_ANALYZER_NUMBER_OBJECT_CONVERSION = YES_AGGRESSIVE;
				CLANG_CXX_LANGUAGE_STANDARD = "gnu++20";
				CLANG_ENABLE_MODULES = YES;
				CLANG_ENABLE_OBJC_ARC = YES;
				CLANG_ENABLE_OBJC_WEAK = YES;
				CLANG_WARN_BLOCK_CAPTURE_AUTORELEASING = YES;
				CLANG_WARN_BOOL_CONVERSION = YES;
				CLANG_WARN_COMMA = YES;
				CLANG_WARN_CONSTANT_CONVERSION = YES;
				CLANG_WARN_DEPRECATED_OBJC_IMPLEMENTATIONS = YES;
				CLANG_WARN_DIRECT_OBJC_ISA_USAGE = YES_ERROR;
				CLANG_WARN_DOCUMENTATION_COMMENTS = YES;
				CLANG_WARN_EMPTY_BODY = YES;
				CLANG_WARN_ENUM_CONVERSION = YES;
				CLANG_WARN_INFINITE_RECURSION = YES;
				CLANG_WARN_INT_CONVERSION = YES;
				CLANG_WARN_NON_LITERAL_NULL_CONVERSION = YES;
				CLANG_WARN_OBJC_IMPLICIT_RETAIN_SELF = YES;
				CLANG_WARN_OBJC_LITERAL_CONVERSION = YES;
				CLANG_WARN_OBJC_ROOT_CLASS = YES_ERROR;
				CLANG_WARN_QUOTED_INCLUDE_IN_FRAMEWORK_HEADER = YES;
				CLANG_WARN_RANGE_LOOP_ANALYSIS = YES;
				CLANG_WARN_STRICT_PROTOTYPES = YES;
				CLANG_WARN_SUSPICIOUS_MOVE = YES;
				CLANG_WARN_UNGUARDED_AVAILABILITY = YES_AGGRESSIVE;
				CLANG_WARN_UNREACHABLE_CODE = YES;
				CLANG_WARN__DUPLICATE_METHOD_MATCH = YES;
				COPY_PHASE_STRIP = NO;
				DEBUG_INFORMATION_FORMAT = "dwarf-with-dsym";
				ENABLE_NS_ASSERTIONS = NO;
				ENABLE_STRICT_OBJC_MSGSEND = YES;
				ENABLE_USER_SCRIPT_SANDBOXING = YES;
				GCC_C_LANGUAGE_STANDARD = gnu17;
				GCC_NO_COMMON_BLOCKS = YES;
				GCC_WARN_64_TO_32_BIT_CONVERSION = YES;
				GCC_WARN_ABOUT_RETURN_TYPE = YES_ERROR;
				GCC_WARN_UNDECLARED_SELECTOR = YES;
				GCC_WARN_UNINITIALIZED_AUTOS = YES_AGGRESSIVE;
				GCC_WARN_UNUSED_FUNCTION = YES;
				GCC_WARN_UNUSED_VARIABLE = YES;
				IPHONEOS_DEPLOYMENT_TARGET = 17.4;
				LOCALIZATION_PREFERS_STRING_CATALOGS = YES;
				MTL_ENABLE_DEBUG_INFO = NO;
				MTL_FAST_MATH = YES;
				SDKROOT = iphoneos;
				SWIFT_COMPILATION_MODE = wholemodule;
				VALIDATE_PRODUCT = YES;
			};
			name = Release;
		};
		0D44620F2D1D97E000CE5772 /* Debug */ = {
			isa = XCBuildConfiguration;
			buildSettings = {
				ASSETCATALOG_COMPILER_APPICON_NAME = AppIcon;
				ASSETCATALOG_COMPILER_GLOBAL_ACCENT_COLOR_NAME = AccentColor;
				CODE_SIGN_STYLE = Automatic;
				CURRENT_PROJECT_VERSION = 1;
				DEVELOPMENT_ASSET_PATHS = "\"SwiftUIIntermediateBootcamp/Preview Content\"";
				DEVELOPMENT_TEAM = CAV7WBMAMC;
				ENABLE_PREVIEWS = YES;
				GENERATE_INFOPLIST_FILE = YES;
				INFOPLIST_KEY_UIApplicationSceneManifest_Generation = YES;
				INFOPLIST_KEY_UIApplicationSupportsIndirectInputEvents = YES;
				INFOPLIST_KEY_UILaunchScreen_Generation = YES;
				INFOPLIST_KEY_UISupportedInterfaceOrientations_iPad = "UIInterfaceOrientationPortrait UIInterfaceOrientationPortraitUpsideDown UIInterfaceOrientationLandscapeLeft UIInterfaceOrientationLandscapeRight";
				INFOPLIST_KEY_UISupportedInterfaceOrientations_iPhone = "UIInterfaceOrientationPortrait UIInterfaceOrientationLandscapeLeft UIInterfaceOrientationLandscapeRight";
				IPHONEOS_DEPLOYMENT_TARGET = 17.0;
				LD_RUNPATH_SEARCH_PATHS = (
					"$(inherited)",
					"@executable_path/Frameworks",
				);
				MARKETING_VERSION = 1.0;
				PRODUCT_BUNDLE_IDENTIFIER = com.swift.SwiftUIIntermediateBootcamp;
				PRODUCT_NAME = "$(TARGET_NAME)";
				SWIFT_EMIT_LOC_STRINGS = YES;
				SWIFT_VERSION = 5.0;
				TARGETED_DEVICE_FAMILY = "1,2";
			};
			name = Debug;
		};
		0D4462102D1D97E000CE5772 /* Release */ = {
			isa = XCBuildConfiguration;
			buildSettings = {
				ASSETCATALOG_COMPILER_APPICON_NAME = AppIcon;
				ASSETCATALOG_COMPILER_GLOBAL_ACCENT_COLOR_NAME = AccentColor;
				CODE_SIGN_STYLE = Automatic;
				CURRENT_PROJECT_VERSION = 1;
				DEVELOPMENT_ASSET_PATHS = "\"SwiftUIIntermediateBootcamp/Preview Content\"";
				DEVELOPMENT_TEAM = CAV7WBMAMC;
				ENABLE_PREVIEWS = YES;
				GENERATE_INFOPLIST_FILE = YES;
				INFOPLIST_KEY_UIApplicationSceneManifest_Generation = YES;
				INFOPLIST_KEY_UIApplicationSupportsIndirectInputEvents = YES;
				INFOPLIST_KEY_UILaunchScreen_Generation = YES;
				INFOPLIST_KEY_UISupportedInterfaceOrientations_iPad = "UIInterfaceOrientationPortrait UIInterfaceOrientationPortraitUpsideDown UIInterfaceOrientationLandscapeLeft UIInterfaceOrientationLandscapeRight";
				INFOPLIST_KEY_UISupportedInterfaceOrientations_iPhone = "UIInterfaceOrientationPortrait UIInterfaceOrientationLandscapeLeft UIInterfaceOrientationLandscapeRight";
				IPHONEOS_DEPLOYMENT_TARGET = 17.0;
				LD_RUNPATH_SEARCH_PATHS = (
					"$(inherited)",
					"@executable_path/Frameworks",
				);
				MARKETING_VERSION = 1.0;
				PRODUCT_BUNDLE_IDENTIFIER = com.swift.SwiftUIIntermediateBootcamp;
				PRODUCT_NAME = "$(TARGET_NAME)";
				SWIFT_EMIT_LOC_STRINGS = YES;
				SWIFT_VERSION = 5.0;
				TARGETED_DEVICE_FAMILY = "1,2";
			};
			name = Release;
		};
/* End XCBuildConfiguration section */

/* Begin XCConfigurationList section */
		0D4461FB2D1D97DE00CE5772 /* Build configuration list for PBXProject "SwiftUIIntermediateBootcamp" */ = {
			isa = XCConfigurationList;
			buildConfigurations = (
				0D44620C2D1D97E000CE5772 /* Debug */,
				0D44620D2D1D97E000CE5772 /* Release */,
			);
			defaultConfigurationIsVisible = 0;
			defaultConfigurationName = Release;
		};
		0D44620E2D1D97E000CE5772 /* Build configuration list for PBXNativeTarget "SwiftUIIntermediateBootcamp" */ = {
			isa = XCConfigurationList;
			buildConfigurations = (
				0D44620F2D1D97E000CE5772 /* Debug */,
				0D4462102D1D97E000CE5772 /* Release */,
			);
			defaultConfigurationIsVisible = 0;
			defaultConfigurationName = Release;
		};
/* End XCConfigurationList section */
	};
	rootObject = 0D4461F82D1D97DE00CE5772 /* Project object */;
}
